
Microsoft Visual Studio Solution File, Format Version 12.00
# Visual Studio 2013
VisualStudioVersion = 12.0.21005.1
MinimumVisualStudioVersion = 10.0.40219.1
Project("{FAE04EC0-301F-11D3-BF4B-00C04F79EFBC}") = "JS_CSS", "JS_CSS\JS_CSS.csproj", "{6EDADFAB-D8A7-4289-BFFE-B2B167A1175F}"
EndProject
Global
	GlobalSection(SolutionConfigurationPlatforms) = preSolution
		Debug|Any CPU = Debug|Any CPU
		Release|Any CPU = Release|Any CPU
	EndGlobalSection
	GlobalSection(ProjectConfigurationPlatforms) = postSolution
		{6EDADFAB-D8A7-4289-BFFE-B2B167A1175F}.Debug|Any CPU.ActiveCfg = Debug|Any CPU
		{6EDADFAB-D8A7-4289-BFFE-B2B167A1175F}.Debug|Any CPU.Build.0 = Debug|Any CPU
		{6EDADFAB-D8A7-4289-BFFE-B2B167A1175F}.Release|Any CPU.ActiveCfg = Release|Any CPU
		{6EDADFAB-D8A7-4289-BFFE-B2B167A1175F}.Release|Any CPU.Build.0 = Release|Any CPU
	EndGlobalSection
	GlobalSection(SolutionProperties) = preSolution
		HideSolutionNode = FALSE
	EndGlobalSection
EndGlobal
